
Microsoft Visual Studio Solution File, Format Version 12.00
# Visual Studio Version 17
VisualStudioVersion = 17.6.33829.357
MinimumVisualStudioVersion = 10.0.40219.1
Project("{FAE04EC0-301F-11D3-BF4B-00C04F79EFBC}") = "LednewPet", "LednewPet\LednewPet.csproj", "{4F671D76-4FB3-4B02-A15F-40AACDC130AB}"
EndProject
Global
	GlobalSection(SolutionConfigurationPlatforms) = preSolution
		Debug|Any CPU = Debug|Any CPU
		Release|Any CPU = Release|Any CPU
	EndGlobalSection
	GlobalSection(ProjectConfigurationPlatforms) = postSolution
		{4F671D76-4FB3-4B02-A15F-40AACDC130AB}.Debug|Any CPU.ActiveCfg = Debug|Any CPU
		{4F671D76-4FB3-4B02-A15F-40AACDC130AB}.Debug|Any CPU.Build.0 = Debug|Any CPU
		{4F671D76-4FB3-4B02-A15F-40AACDC130AB}.Release|Any CPU.ActiveCfg = Release|Any CPU
		{4F671D76-4FB3-4B02-A15F-40AACDC130AB}.Release|Any CPU.Build.0 = Release|Any CPU
	EndGlobalSection
	GlobalSection(SolutionProperties) = preSolution
		HideSolutionNode = FALSE
	EndGlobalSection
	GlobalSection(ExtensibilityGlobals) = postSolution
		SolutionGuid = {551DFEAA-2B27-4ECB-9F33-85FDEFE0641E}
	EndGlobalSection
EndGlobal
